{
    "_readme": [
        "This file locks the dependencies of your project to a known state",
        "Read more about it at https://getcomposer.org/doc/01-basic-usage.md#installing-dependencies",
        "This file is @generated automatically"
    ],
    "content-hash": "ab067e03a7ce98822627bb472a6742f1",
    "packages": [
        {
            "name": "mochrira/selvi-framework",
            "version": "1.2.0",
            "source": {
                "type": "git",
                "url": "https://github.com/mochrira/selvi-framework.git",
                "reference": "9fd38c960d88c4b092c4b6421af001fadea3bcf6"
            },
            "dist": {
                "type": "zip",
                "url": "https://api.github.com/repos/mochrira/selvi-framework/zipball/9fd38c960d88c4b092c4b6421af001fadea3bcf6",
                "reference": "9fd38c960d88c4b092c4b6421af001fadea3bcf6",
                "shasum": ""
            },
            "type": "library",
            "autoload": {
                "files": [
                    "src/Helpers.php"
                ],
                "psr-4": {
                    "Selvi\\": "src/"
                }
            },
            "notification-url": "https://packagist.org/downloads/",
            "license": [
                "MIT"
            ],
            "authors": [
                {
                    "name": "mochrira",
                    "email": "mochrira@gmail.com"
                }
            ],
            "description": "Super fast PHP Framework for building API",
            "support": {
                "issues": "https://github.com/mochrira/selvi-framework/issues",
                "source": "https://github.com/mochrira/selvi-framework/tree/1.2.0"
            },
            "time": "2023-07-02T06:56:41+00:00"
        }
    ],
    "packages-dev": [],
    "aliases": [],
    "minimum-stability": "stable",
    "stability-flags": [],
    "prefer-stable": false,
    "prefer-lowest": false,
    "platform": [],
    "platform-dev": [],
    "plugin-api-version": "2.6.0"
}
